
Microsoft Visual Studio Solution File, Format Version 12.00
# Visual Studio Version 17
VisualStudioVersion = 17.4.33103.184
MinimumVisualStudioVersion = 10.0.40219.1
Project("{9A19103F-16F7-4668-BE54-9A1E7A4F7556}") = "BlazorCssIsolation", "BlazorCssIsolation\BlazorCssIsolation.csproj", "{B7461217-00CE-4921-9B73-6B33F570C4EF}"
EndProject
Project("{9A19103F-16F7-4668-BE54-9A1E7A4F7556}") = "BlazorApp", "BlazorApp\BlazorApp.csproj", "{26108B2F-DF55-4098-82B1-A90F25F73C8B}"
EndProject
Project("{9A19103F-16F7-4668-BE54-9A1E7A4F7556}") = "BlazorTokensGenerator", "BlazorTokensGenerator\BlazorTokensGenerator.csproj", "{E520A3B7-0F9F-4714-ABC0-C90DAE142A41}"
EndProject
Project("{9A19103F-16F7-4668-BE54-9A1E7A4F7556}") = "BlazorCssIsolation.Tests", "BlazorCssIsolation.Tests\BlazorCssIsolation.Tests.csproj", "{87848011-E0A1-4464-A94E-B8D43909FF9E}"
EndProject
Project("{FAE04EC0-301F-11D3-BF4B-00C04F79EFBC}") = "BlazorCssIsolation.Theming", "BlazorCssIsolation.Theming\BlazorCssIsolation.Theming.csproj", "{F799E890-E044-4D41-B364-028AD1D38D96}"
EndProject
Global
	GlobalSection(SolutionConfigurationPlatforms) = preSolution
		Debug|Any CPU = Debug|Any CPU
		Release|Any CPU = Release|Any CPU
	EndGlobalSection
	GlobalSection(ProjectConfigurationPlatforms) = postSolution
		{B7461217-00CE-4921-9B73-6B33F570C4EF}.Debug|Any CPU.ActiveCfg = Debug|Any CPU
		{B7461217-00CE-4921-9B73-6B33F570C4EF}.Debug|Any CPU.Build.0 = Debug|Any CPU
		{B7461217-00CE-4921-9B73-6B33F570C4EF}.Release|Any CPU.ActiveCfg = Release|Any CPU
		{B7461217-00CE-4921-9B73-6B33F570C4EF}.Release|Any CPU.Build.0 = Release|Any CPU
		{26108B2F-DF55-4098-82B1-A90F25F73C8B}.Debug|Any CPU.ActiveCfg = Debug|Any CPU
		{26108B2F-DF55-4098-82B1-A90F25F73C8B}.Debug|Any CPU.Build.0 = Debug|Any CPU
		{26108B2F-DF55-4098-82B1-A90F25F73C8B}.Release|Any CPU.ActiveCfg = Release|Any CPU
		{26108B2F-DF55-4098-82B1-A90F25F73C8B}.Release|Any CPU.Build.0 = Release|Any CPU
		{E520A3B7-0F9F-4714-ABC0-C90DAE142A41}.Debug|Any CPU.ActiveCfg = Debug|Any CPU
		{E520A3B7-0F9F-4714-ABC0-C90DAE142A41}.Debug|Any CPU.Build.0 = Debug|Any CPU
		{E520A3B7-0F9F-4714-ABC0-C90DAE142A41}.Release|Any CPU.ActiveCfg = Release|Any CPU
		{E520A3B7-0F9F-4714-ABC0-C90DAE142A41}.Release|Any CPU.Build.0 = Release|Any CPU
		{87848011-E0A1-4464-A94E-B8D43909FF9E}.Debug|Any CPU.ActiveCfg = Debug|Any CPU
		{87848011-E0A1-4464-A94E-B8D43909FF9E}.Debug|Any CPU.Build.0 = Debug|Any CPU
		{87848011-E0A1-4464-A94E-B8D43909FF9E}.Release|Any CPU.ActiveCfg = Release|Any CPU
		{87848011-E0A1-4464-A94E-B8D43909FF9E}.Release|Any CPU.Build.0 = Release|Any CPU
		{F799E890-E044-4D41-B364-028AD1D38D96}.Debug|Any CPU.ActiveCfg = Debug|Any CPU
		{F799E890-E044-4D41-B364-028AD1D38D96}.Debug|Any CPU.Build.0 = Debug|Any CPU
		{F799E890-E044-4D41-B364-028AD1D38D96}.Release|Any CPU.ActiveCfg = Release|Any CPU
		{F799E890-E044-4D41-B364-028AD1D38D96}.Release|Any CPU.Build.0 = Release|Any CPU
	EndGlobalSection
	GlobalSection(SolutionProperties) = preSolution
		HideSolutionNode = FALSE
	EndGlobalSection
	GlobalSection(ExtensibilityGlobals) = postSolution
		SolutionGuid = {F28B5545-E4E8-41F4-8826-06D98250AE33}
	EndGlobalSection
EndGlobal
